
Microsoft Visual Studio Solution File, Format Version 12.00
# Visual Studio 15
VisualStudioVersion = 15.0.28307.106
MinimumVisualStudioVersion = 10.0.40219.1
Project("{FAE04EC0-301F-11D3-BF4B-00C04F79EFBC}") = "CommonFruits", "CommonFruits\CommonFruits.csproj", "{79EDD74F-6257-415F-9146-ACD0820CA362}"
EndProject
Project("{FAE04EC0-301F-11D3-BF4B-00C04F79EFBC}") = "CommonFruits.Tests", "CommonFruits.Tests\CommonFruits.Tests.csproj", "{A99954B0-3A17-4C48-B1E8-DB2F223B2B58}"
EndProject
Global
	GlobalSection(SolutionConfigurationPlatforms) = preSolution
		Debug|Any CPU = Debug|Any CPU
		Release|Any CPU = Release|Any CPU
	EndGlobalSection
	GlobalSection(ProjectConfigurationPlatforms) = postSolution
		{79EDD74F-6257-415F-9146-ACD0820CA362}.Debug|Any CPU.ActiveCfg = Debug|Any CPU
		{79EDD74F-6257-415F-9146-ACD0820CA362}.Debug|Any CPU.Build.0 = Debug|Any CPU
		{79EDD74F-6257-415F-9146-ACD0820CA362}.Release|Any CPU.ActiveCfg = Release|Any CPU
		{79EDD74F-6257-415F-9146-ACD0820CA362}.Release|Any CPU.Build.0 = Release|Any CPU
		{A99954B0-3A17-4C48-B1E8-DB2F223B2B58}.Debug|Any CPU.ActiveCfg = Debug|Any CPU
		{A99954B0-3A17-4C48-B1E8-DB2F223B2B58}.Debug|Any CPU.Build.0 = Debug|Any CPU
		{A99954B0-3A17-4C48-B1E8-DB2F223B2B58}.Release|Any CPU.ActiveCfg = Release|Any CPU
		{A99954B0-3A17-4C48-B1E8-DB2F223B2B58}.Release|Any CPU.Build.0 = Release|Any CPU
	EndGlobalSection
	GlobalSection(SolutionProperties) = preSolution
		HideSolutionNode = FALSE
	EndGlobalSection
	GlobalSection(ExtensibilityGlobals) = postSolution
		SolutionGuid = {97076538-70B1-4879-849B-034960D9F0BE}
	EndGlobalSection
EndGlobal
